
Microsoft Visual Studio Solution File, Format Version 12.00
# Visual Studio 15
VisualStudioVersion = 15.0.28010.2026
MinimumVisualStudioVersion = 10.0.40219.1
Project("{FAE04EC0-301F-11D3-BF4B-00C04F79EFBC}") = "RoboCompare", "RoboCompare\RoboCompare.csproj", "{49BBC8F8-56E7-4642-8B3B-1F41ECE2DB36}"
EndProject
Global
	GlobalSection(SolutionConfigurationPlatforms) = preSolution
		Debug|Any CPU = Debug|Any CPU
		Release|Any CPU = Release|Any CPU
	EndGlobalSection
	GlobalSection(ProjectConfigurationPlatforms) = postSolution
		{49BBC8F8-56E7-4642-8B3B-1F41ECE2DB36}.Debug|Any CPU.ActiveCfg = Debug|Any CPU
		{49BBC8F8-56E7-4642-8B3B-1F41ECE2DB36}.Debug|Any CPU.Build.0 = Debug|Any CPU
		{49BBC8F8-56E7-4642-8B3B-1F41ECE2DB36}.Release|Any CPU.ActiveCfg = Release|Any CPU
		{49BBC8F8-56E7-4642-8B3B-1F41ECE2DB36}.Release|Any CPU.Build.0 = Release|Any CPU
	EndGlobalSection
	GlobalSection(SolutionProperties) = preSolution
		HideSolutionNode = FALSE
	EndGlobalSection
	GlobalSection(ExtensibilityGlobals) = postSolution
		SolutionGuid = {CCB3711C-3583-4E5E-A402-DAA7082F9052}
	EndGlobalSection
EndGlobal
